
Microsoft Visual Studio Solution File, Format Version 12.00
# Visual Studio 14
VisualStudioVersion = 14.0.25420.1
MinimumVisualStudioVersion = 10.0.40219.1
Project("{FAE04EC0-301F-11D3-BF4B-00C04F79EFBC}") = "WcfService", "WcfService\WcfService.csproj", "{3A6EA8C3-FDCA-4FCE-BD81-CCF1B1632207}"
EndProject
Project("{FAE04EC0-301F-11D3-BF4B-00C04F79EFBC}") = "WcfServiceConsoleApplication", "WcfServiceConsoleApplication\WcfServiceConsoleApplication.csproj", "{8DF592D9-1E89-42F8-956D-68572FE146A5}"
EndProject
Project("{D954291E-2A0B-460D-934E-DC6B0785DB48}") = "TestApp", "TestApp\TestApp\TestApp.shproj", "{52EA81CE-F1C6-49D7-B5F3-C7E37B8569EF}"
EndProject
Project("{FAE04EC0-301F-11D3-BF4B-00C04F79EFBC}") = "TestApp.Droid", "TestApp\TestApp.Droid\TestApp.Droid.csproj", "{B0792348-C617-4161-BC66-27AC21E894F4}"
EndProject
Project("{FAE04EC0-301F-11D3-BF4B-00C04F79EFBC}") = "WcfClient", "WcfClient\WcfClient.csproj", "{C9DB3C68-2663-402E-A0E3-D9287A4FC525}"
EndProject
Project("{FAE04EC0-301F-11D3-BF4B-00C04F79EFBC}") = "WcfConsoleClient", "WcfConsoleClient\WcfConsoleClient.csproj", "{AA71746A-E881-439D-B1AE-6B81548DBA5D}"
EndProject
Global
	GlobalSection(SharedMSBuildProjectFiles) = preSolution
		TestApp\TestApp\TestApp.projitems*{52ea81ce-f1c6-49d7-b5f3-c7e37b8569ef}*SharedItemsImports = 13
		TestApp\TestApp\TestApp.projitems*{b0792348-c617-4161-bc66-27ac21e894f4}*SharedItemsImports = 4
	EndGlobalSection
	GlobalSection(SolutionConfigurationPlatforms) = preSolution
		Ad-Hoc|Any CPU = Ad-Hoc|Any CPU
		Ad-Hoc|ARM = Ad-Hoc|ARM
		Ad-Hoc|iPhone = Ad-Hoc|iPhone
		Ad-Hoc|iPhoneSimulator = Ad-Hoc|iPhoneSimulator
		Ad-Hoc|x64 = Ad-Hoc|x64
		Ad-Hoc|x86 = Ad-Hoc|x86
		AppStore|Any CPU = AppStore|Any CPU
		AppStore|ARM = AppStore|ARM
		AppStore|iPhone = AppStore|iPhone
		AppStore|iPhoneSimulator = AppStore|iPhoneSimulator
		AppStore|x64 = AppStore|x64
		AppStore|x86 = AppStore|x86
		Debug|Any CPU = Debug|Any CPU
		Debug|ARM = Debug|ARM
		Debug|iPhone = Debug|iPhone
		Debug|iPhoneSimulator = Debug|iPhoneSimulator
		Debug|x64 = Debug|x64
		Debug|x86 = Debug|x86
		Release|Any CPU = Release|Any CPU
		Release|ARM = Release|ARM
		Release|iPhone = Release|iPhone
		Release|iPhoneSimulator = Release|iPhoneSimulator
		Release|x64 = Release|x64
		Release|x86 = Release|x86
	EndGlobalSection
	GlobalSection(ProjectConfigurationPlatforms) = postSolution
		{3A6EA8C3-FDCA-4FCE-BD81-CCF1B1632207}.Ad-Hoc|Any CPU.ActiveCfg = Release|Any CPU
		{3A6EA8C3-FDCA-4FCE-BD81-CCF1B1632207}.Ad-Hoc|Any CPU.Build.0 = Release|Any CPU
		{3A6EA8C3-FDCA-4FCE-BD81-CCF1B1632207}.Ad-Hoc|ARM.ActiveCfg = Release|Any CPU
		{3A6EA8C3-FDCA-4FCE-BD81-CCF1B1632207}.Ad-Hoc|ARM.Build.0 = Release|Any CPU
		{3A6EA8C3-FDCA-4FCE-BD81-CCF1B1632207}.Ad-Hoc|iPhone.ActiveCfg = Release|Any CPU
		{3A6EA8C3-FDCA-4FCE-BD81-CCF1B1632207}.Ad-Hoc|iPhone.Build.0 = Release|Any CPU
		{3A6EA8C3-FDCA-4FCE-BD81-CCF1B1632207}.Ad-Hoc|iPhoneSimulator.ActiveCfg = Release|Any CPU
		{3A6EA8C3-FDCA-4FCE-BD81-CCF1B1632207}.Ad-Hoc|iPhoneSimulator.Build.0 = Release|Any CPU
		{3A6EA8C3-FDCA-4FCE-BD81-CCF1B1632207}.Ad-Hoc|x64.ActiveCfg = Release|Any CPU
		{3A6EA8C3-FDCA-4FCE-BD81-CCF1B1632207}.Ad-Hoc|x64.Build.0 = Release|Any CPU
		{3A6EA8C3-FDCA-4FCE-BD81-CCF1B1632207}.Ad-Hoc|x86.ActiveCfg = Release|Any CPU
		{3A6EA8C3-FDCA-4FCE-BD81-CCF1B1632207}.Ad-Hoc|x86.Build.0 = Release|Any CPU
		{3A6EA8C3-FDCA-4FCE-BD81-CCF1B1632207}.AppStore|Any CPU.ActiveCfg = Release|Any CPU
		{3A6EA8C3-FDCA-4FCE-BD81-CCF1B1632207}.AppStore|Any CPU.Build.0 = Release|Any CPU
		{3A6EA8C3-FDCA-4FCE-BD81-CCF1B1632207}.AppStore|ARM.ActiveCfg = Release|Any CPU
		{3A6EA8C3-FDCA-4FCE-BD81-CCF1B1632207}.AppStore|ARM.Build.0 = Release|Any CPU
		{3A6EA8C3-FDCA-4FCE-BD81-CCF1B1632207}.AppStore|iPhone.ActiveCfg = Release|Any CPU
		{3A6EA8C3-FDCA-4FCE-BD81-CCF1B1632207}.AppStore|iPhone.Build.0 = Release|Any CPU
		{3A6EA8C3-FDCA-4FCE-BD81-CCF1B1632207}.AppStore|iPhoneSimulator.ActiveCfg = Release|Any CPU
		{3A6EA8C3-FDCA-4FCE-BD81-CCF1B1632207}.AppStore|iPhoneSimulator.Build.0 = Release|Any CPU
		{3A6EA8C3-FDCA-4FCE-BD81-CCF1B1632207}.AppStore|x64.ActiveCfg = Release|Any CPU
		{3A6EA8C3-FDCA-4FCE-BD81-CCF1B1632207}.AppStore|x64.Build.0 = Release|Any CPU
		{3A6EA8C3-FDCA-4FCE-BD81-CCF1B1632207}.AppStore|x86.ActiveCfg = Release|Any CPU
		{3A6EA8C3-FDCA-4FCE-BD81-CCF1B1632207}.AppStore|x86.Build.0 = Release|Any CPU
		{3A6EA8C3-FDCA-4FCE-BD81-CCF1B1632207}.Debug|Any CPU.ActiveCfg = Debug|Any CPU
		{3A6EA8C3-FDCA-4FCE-BD81-CCF1B1632207}.Debug|Any CPU.Build.0 = Debug|Any CPU
		{3A6EA8C3-FDCA-4FCE-BD81-CCF1B1632207}.Debug|ARM.ActiveCfg = Debug|Any CPU
		{3A6EA8C3-FDCA-4FCE-BD81-CCF1B1632207}.Debug|ARM.Build.0 = Debug|Any CPU
		{3A6EA8C3-FDCA-4FCE-BD81-CCF1B1632207}.Debug|iPhone.ActiveCfg = Debug|Any CPU
		{3A6EA8C3-FDCA-4FCE-BD81-CCF1B1632207}.Debug|iPhone.Build.0 = Debug|Any CPU
		{3A6EA8C3-FDCA-4FCE-BD81-CCF1B1632207}.Debug|iPhoneSimulator.ActiveCfg = Debug|Any CPU
		{3A6EA8C3-FDCA-4FCE-BD81-CCF1B1632207}.Debug|iPhoneSimulator.Build.0 = Debug|Any CPU
		{3A6EA8C3-FDCA-4FCE-BD81-CCF1B1632207}.Debug|x64.ActiveCfg = Debug|Any CPU
		{3A6EA8C3-FDCA-4FCE-BD81-CCF1B1632207}.Debug|x64.Build.0 = Debug|Any CPU
		{3A6EA8C3-FDCA-4FCE-BD81-CCF1B1632207}.Debug|x86.ActiveCfg = Debug|Any CPU
		{3A6EA8C3-FDCA-4FCE-BD81-CCF1B1632207}.Debug|x86.Build.0 = Debug|Any CPU
		{3A6EA8C3-FDCA-4FCE-BD81-CCF1B1632207}.Release|Any CPU.ActiveCfg = Release|Any CPU
		{3A6EA8C3-FDCA-4FCE-BD81-CCF1B1632207}.Release|Any CPU.Build.0 = Release|Any CPU
		{3A6EA8C3-FDCA-4FCE-BD81-CCF1B1632207}.Release|ARM.ActiveCfg = Release|Any CPU
		{3A6EA8C3-FDCA-4FCE-BD81-CCF1B1632207}.Release|ARM.Build.0 = Release|Any CPU
		{3A6EA8C3-FDCA-4FCE-BD81-CCF1B1632207}.Release|iPhone.ActiveCfg = Release|Any CPU
		{3A6EA8C3-FDCA-4FCE-BD81-CCF1B1632207}.Release|iPhone.Build.0 = Release|Any CPU
		{3A6EA8C3-FDCA-4FCE-BD81-CCF1B1632207}.Release|iPhoneSimulator.ActiveCfg = Release|Any CPU
		{3A6EA8C3-FDCA-4FCE-BD81-CCF1B1632207}.Release|iPhoneSimulator.Build.0 = Release|Any CPU
		{3A6EA8C3-FDCA-4FCE-BD81-CCF1B1632207}.Release|x64.ActiveCfg = Release|Any CPU
		{3A6EA8C3-FDCA-4FCE-BD81-CCF1B1632207}.Release|x64.Build.0 = Release|Any CPU
		{3A6EA8C3-FDCA-4FCE-BD81-CCF1B1632207}.Release|x86.ActiveCfg = Release|Any CPU
		{3A6EA8C3-FDCA-4FCE-BD81-CCF1B1632207}.Release|x86.Build.0 = Release|Any CPU
		{8DF592D9-1E89-42F8-956D-68572FE146A5}.Ad-Hoc|Any CPU.ActiveCfg = Release|Any CPU
		{8DF592D9-1E89-42F8-956D-68572FE146A5}.Ad-Hoc|Any CPU.Build.0 = Release|Any CPU
		{8DF592D9-1E89-42F8-956D-68572FE146A5}.Ad-Hoc|ARM.ActiveCfg = Release|Any CPU
		{8DF592D9-1E89-42F8-956D-68572FE146A5}.Ad-Hoc|ARM.Build.0 = Release|Any CPU
		{8DF592D9-1E89-42F8-956D-68572FE146A5}.Ad-Hoc|iPhone.ActiveCfg = Release|Any CPU
		{8DF592D9-1E89-42F8-956D-68572FE146A5}.Ad-Hoc|iPhone.Build.0 = Release|Any CPU
		{8DF592D9-1E89-42F8-956D-68572FE146A5}.Ad-Hoc|iPhoneSimulator.ActiveCfg = Release|Any CPU
		{8DF592D9-1E89-42F8-956D-68572FE146A5}.Ad-Hoc|iPhoneSimulator.Build.0 = Release|Any CPU
		{8DF592D9-1E89-42F8-956D-68572FE146A5}.Ad-Hoc|x64.ActiveCfg = Release|Any CPU
		{8DF592D9-1E89-42F8-956D-68572FE146A5}.Ad-Hoc|x64.Build.0 = Release|Any CPU
		{8DF592D9-1E89-42F8-956D-68572FE146A5}.Ad-Hoc|x86.ActiveCfg = Release|Any CPU
		{8DF592D9-1E89-42F8-956D-68572FE146A5}.Ad-Hoc|x86.Build.0 = Release|Any CPU
		{8DF592D9-1E89-42F8-956D-68572FE146A5}.AppStore|Any CPU.ActiveCfg = Release|Any CPU
		{8DF592D9-1E89-42F8-956D-68572FE146A5}.AppStore|Any CPU.Build.0 = Release|Any CPU
		{8DF592D9-1E89-42F8-956D-68572FE146A5}.AppStore|ARM.ActiveCfg = Release|Any CPU
		{8DF592D9-1E89-42F8-956D-68572FE146A5}.AppStore|ARM.Build.0 = Release|Any CPU
		{8DF592D9-1E89-42F8-956D-68572FE146A5}.AppStore|iPhone.ActiveCfg = Release|Any CPU
		{8DF592D9-1E89-42F8-956D-68572FE146A5}.AppStore|iPhone.Build.0 = Release|Any CPU
		{8DF592D9-1E89-42F8-956D-68572FE146A5}.AppStore|iPhoneSimulator.ActiveCfg = Release|Any CPU
		{8DF592D9-1E89-42F8-956D-68572FE146A5}.AppStore|iPhoneSimulator.Build.0 = Release|Any CPU
		{8DF592D9-1E89-42F8-956D-68572FE146A5}.AppStore|x64.ActiveCfg = Release|Any CPU
		{8DF592D9-1E89-42F8-956D-68572FE146A5}.AppStore|x64.Build.0 = Release|Any CPU
		{8DF592D9-1E89-42F8-956D-68572FE146A5}.AppStore|x86.ActiveCfg = Release|Any CPU
		{8DF592D9-1E89-42F8-956D-68572FE146A5}.AppStore|x86.Build.0 = Release|Any CPU
		{8DF592D9-1E89-42F8-956D-68572FE146A5}.Debug|Any CPU.ActiveCfg = Debug|Any CPU
		{8DF592D9-1E89-42F8-956D-68572FE146A5}.Debug|Any CPU.Build.0 = Debug|Any CPU
		{8DF592D9-1E89-42F8-956D-68572FE146A5}.Debug|ARM.ActiveCfg = Debug|Any CPU
		{8DF592D9-1E89-42F8-956D-68572FE146A5}.Debug|ARM.Build.0 = Debug|Any CPU
		{8DF592D9-1E89-42F8-956D-68572FE146A5}.Debug|iPhone.ActiveCfg = Debug|Any CPU
		{8DF592D9-1E89-42F8-956D-68572FE146A5}.Debug|iPhone.Build.0 = Debug|Any CPU
		{8DF592D9-1E89-42F8-956D-68572FE146A5}.Debug|iPhoneSimulator.ActiveCfg = Debug|Any CPU
		{8DF592D9-1E89-42F8-956D-68572FE146A5}.Debug|iPhoneSimulator.Build.0 = Debug|Any CPU
		{8DF592D9-1E89-42F8-956D-68572FE146A5}.Debug|x64.ActiveCfg = Debug|Any CPU
		{8DF592D9-1E89-42F8-956D-68572FE146A5}.Debug|x64.Build.0 = Debug|Any CPU
		{8DF592D9-1E89-42F8-956D-68572FE146A5}.Debug|x86.ActiveCfg = Debug|Any CPU
		{8DF592D9-1E89-42F8-956D-68572FE146A5}.Debug|x86.Build.0 = Debug|Any CPU
		{8DF592D9-1E89-42F8-956D-68572FE146A5}.Release|Any CPU.ActiveCfg = Release|Any CPU
		{8DF592D9-1E89-42F8-956D-68572FE146A5}.Release|Any CPU.Build.0 = Release|Any CPU
		{8DF592D9-1E89-42F8-956D-68572FE146A5}.Release|ARM.ActiveCfg = Release|Any CPU
		{8DF592D9-1E89-42F8-956D-68572FE146A5}.Release|ARM.Build.0 = Release|Any CPU
		{8DF592D9-1E89-42F8-956D-68572FE146A5}.Release|iPhone.ActiveCfg = Release|Any CPU
		{8DF592D9-1E89-42F8-956D-68572FE146A5}.Release|iPhone.Build.0 = Release|Any CPU
		{8DF592D9-1E89-42F8-956D-68572FE146A5}.Release|iPhoneSimulator.ActiveCfg = Release|Any CPU
		{8DF592D9-1E89-42F8-956D-68572FE146A5}.Release|iPhoneSimulator.Build.0 = Release|Any CPU
		{8DF592D9-1E89-42F8-956D-68572FE146A5}.Release|x64.ActiveCfg = Release|Any CPU
		{8DF592D9-1E89-42F8-956D-68572FE146A5}.Release|x64.Build.0 = Release|Any CPU
		{8DF592D9-1E89-42F8-956D-68572FE146A5}.Release|x86.ActiveCfg = Release|Any CPU
		{8DF592D9-1E89-42F8-956D-68572FE146A5}.Release|x86.Build.0 = Release|Any CPU
		{B0792348-C617-4161-BC66-27AC21E894F4}.Ad-Hoc|Any CPU.ActiveCfg = Release|Any CPU
		{B0792348-C617-4161-BC66-27AC21E894F4}.Ad-Hoc|Any CPU.Build.0 = Release|Any CPU
		{B0792348-C617-4161-BC66-27AC21E894F4}.Ad-Hoc|Any CPU.Deploy.0 = Release|Any CPU
		{B0792348-C617-4161-BC66-27AC21E894F4}.Ad-Hoc|ARM.ActiveCfg = Release|Any CPU
		{B0792348-C617-4161-BC66-27AC21E894F4}.Ad-Hoc|ARM.Build.0 = Release|Any CPU
		{B0792348-C617-4161-BC66-27AC21E894F4}.Ad-Hoc|ARM.Deploy.0 = Release|Any CPU
		{B0792348-C617-4161-BC66-27AC21E894F4}.Ad-Hoc|iPhone.ActiveCfg = Release|Any CPU
		{B0792348-C617-4161-BC66-27AC21E894F4}.Ad-Hoc|iPhone.Build.0 = Release|Any CPU
		{B0792348-C617-4161-BC66-27AC21E894F4}.Ad-Hoc|iPhone.Deploy.0 = Release|Any CPU
		{B0792348-C617-4161-BC66-27AC21E894F4}.Ad-Hoc|iPhoneSimulator.ActiveCfg = Release|Any CPU
		{B0792348-C617-4161-BC66-27AC21E894F4}.Ad-Hoc|iPhoneSimulator.Build.0 = Release|Any CPU
		{B0792348-C617-4161-BC66-27AC21E894F4}.Ad-Hoc|iPhoneSimulator.Deploy.0 = Release|Any CPU
		{B0792348-C617-4161-BC66-27AC21E894F4}.Ad-Hoc|x64.ActiveCfg = Release|Any CPU
		{B0792348-C617-4161-BC66-27AC21E894F4}.Ad-Hoc|x64.Build.0 = Release|Any CPU
		{B0792348-C617-4161-BC66-27AC21E894F4}.Ad-Hoc|x64.Deploy.0 = Release|Any CPU
		{B0792348-C617-4161-BC66-27AC21E894F4}.Ad-Hoc|x86.ActiveCfg = Release|Any CPU
		{B0792348-C617-4161-BC66-27AC21E894F4}.Ad-Hoc|x86.Build.0 = Release|Any CPU
		{B0792348-C617-4161-BC66-27AC21E894F4}.Ad-Hoc|x86.Deploy.0 = Release|Any CPU
		{B0792348-C617-4161-BC66-27AC21E894F4}.AppStore|Any CPU.ActiveCfg = Release|Any CPU
		{B0792348-C617-4161-BC66-27AC21E894F4}.AppStore|Any CPU.Build.0 = Release|Any CPU
		{B0792348-C617-4161-BC66-27AC21E894F4}.AppStore|Any CPU.Deploy.0 = Release|Any CPU
		{B0792348-C617-4161-BC66-27AC21E894F4}.AppStore|ARM.ActiveCfg = Release|Any CPU
		{B0792348-C617-4161-BC66-27AC21E894F4}.AppStore|ARM.Build.0 = Release|Any CPU
		{B0792348-C617-4161-BC66-27AC21E894F4}.AppStore|ARM.Deploy.0 = Release|Any CPU
		{B0792348-C617-4161-BC66-27AC21E894F4}.AppStore|iPhone.ActiveCfg = Release|Any CPU
		{B0792348-C617-4161-BC66-27AC21E894F4}.AppStore|iPhone.Build.0 = Release|Any CPU
		{B0792348-C617-4161-BC66-27AC21E894F4}.AppStore|iPhone.Deploy.0 = Release|Any CPU
		{B0792348-C617-4161-BC66-27AC21E894F4}.AppStore|iPhoneSimulator.ActiveCfg = Release|Any CPU
		{B0792348-C617-4161-BC66-27AC21E894F4}.AppStore|iPhoneSimulator.Build.0 = Release|Any CPU
		{B0792348-C617-4161-BC66-27AC21E894F4}.AppStore|iPhoneSimulator.Deploy.0 = Release|Any CPU
		{B0792348-C617-4161-BC66-27AC21E894F4}.AppStore|x64.ActiveCfg = Release|Any CPU
		{B0792348-C617-4161-BC66-27AC21E894F4}.AppStore|x64.Build.0 = Release|Any CPU
		{B0792348-C617-4161-BC66-27AC21E894F4}.AppStore|x64.Deploy.0 = Release|Any CPU
		{B0792348-C617-4161-BC66-27AC21E894F4}.AppStore|x86.ActiveCfg = Release|Any CPU
		{B0792348-C617-4161-BC66-27AC21E894F4}.AppStore|x86.Build.0 = Release|Any CPU
		{B0792348-C617-4161-BC66-27AC21E894F4}.AppStore|x86.Deploy.0 = Release|Any CPU
		{B0792348-C617-4161-BC66-27AC21E894F4}.Debug|Any CPU.ActiveCfg = Debug|Any CPU
		{B0792348-C617-4161-BC66-27AC21E894F4}.Debug|Any CPU.Build.0 = Debug|Any CPU
		{B0792348-C617-4161-BC66-27AC21E894F4}.Debug|Any CPU.Deploy.0 = Debug|Any CPU
		{B0792348-C617-4161-BC66-27AC21E894F4}.Debug|ARM.ActiveCfg = Debug|Any CPU
		{B0792348-C617-4161-BC66-27AC21E894F4}.Debug|ARM.Build.0 = Debug|Any CPU
		{B0792348-C617-4161-BC66-27AC21E894F4}.Debug|ARM.Deploy.0 = Debug|Any CPU
		{B0792348-C617-4161-BC66-27AC21E894F4}.Debug|iPhone.ActiveCfg = Debug|Any CPU
		{B0792348-C617-4161-BC66-27AC21E894F4}.Debug|iPhone.Build.0 = Debug|Any CPU
		{B0792348-C617-4161-BC66-27AC21E894F4}.Debug|iPhone.Deploy.0 = Debug|Any CPU
		{B0792348-C617-4161-BC66-27AC21E894F4}.Debug|iPhoneSimulator.ActiveCfg = Debug|Any CPU
		{B0792348-C617-4161-BC66-27AC21E894F4}.Debug|iPhoneSimulator.Build.0 = Debug|Any CPU
		{B0792348-C617-4161-BC66-27AC21E894F4}.Debug|iPhoneSimulator.Deploy.0 = Debug|Any CPU
		{B0792348-C617-4161-BC66-27AC21E894F4}.Debug|x64.ActiveCfg = Debug|Any CPU
		{B0792348-C617-4161-BC66-27AC21E894F4}.Debug|x64.Build.0 = Debug|Any CPU
		{B0792348-C617-4161-BC66-27AC21E894F4}.Debug|x64.Deploy.0 = Debug|Any CPU
		{B0792348-C617-4161-BC66-27AC21E894F4}.Debug|x86.ActiveCfg = Debug|Any CPU
		{B0792348-C617-4161-BC66-27AC21E894F4}.Debug|x86.Build.0 = Debug|Any CPU
		{B0792348-C617-4161-BC66-27AC21E894F4}.Debug|x86.Deploy.0 = Debug|Any CPU
		{B0792348-C617-4161-BC66-27AC21E894F4}.Release|Any CPU.ActiveCfg = Release|Any CPU
		{B0792348-C617-4161-BC66-27AC21E894F4}.Release|Any CPU.Build.0 = Release|Any CPU
		{B0792348-C617-4161-BC66-27AC21E894F4}.Release|Any CPU.Deploy.0 = Release|Any CPU
		{B0792348-C617-4161-BC66-27AC21E894F4}.Release|ARM.ActiveCfg = Release|Any CPU
		{B0792348-C617-4161-BC66-27AC21E894F4}.Release|ARM.Build.0 = Release|Any CPU
		{B0792348-C617-4161-BC66-27AC21E894F4}.Release|ARM.Deploy.0 = Release|Any CPU
		{B0792348-C617-4161-BC66-27AC21E894F4}.Release|iPhone.ActiveCfg = Release|Any CPU
		{B0792348-C617-4161-BC66-27AC21E894F4}.Release|iPhone.Build.0 = Release|Any CPU
		{B0792348-C617-4161-BC66-27AC21E894F4}.Release|iPhone.Deploy.0 = Release|Any CPU
		{B0792348-C617-4161-BC66-27AC21E894F4}.Release|iPhoneSimulator.ActiveCfg = Release|Any CPU
		{B0792348-C617-4161-BC66-27AC21E894F4}.Release|iPhoneSimulator.Build.0 = Release|Any CPU
		{B0792348-C617-4161-BC66-27AC21E894F4}.Release|iPhoneSimulator.Deploy.0 = Release|Any CPU
		{B0792348-C617-4161-BC66-27AC21E894F4}.Release|x64.ActiveCfg = Release|Any CPU
		{B0792348-C617-4161-BC66-27AC21E894F4}.Release|x64.Build.0 = Release|Any CPU
		{B0792348-C617-4161-BC66-27AC21E894F4}.Release|x64.Deploy.0 = Release|Any CPU
		{B0792348-C617-4161-BC66-27AC21E894F4}.Release|x86.ActiveCfg = Release|Any CPU
		{B0792348-C617-4161-BC66-27AC21E894F4}.Release|x86.Build.0 = Release|Any CPU
		{B0792348-C617-4161-BC66-27AC21E894F4}.Release|x86.Deploy.0 = Release|Any CPU
		{C9DB3C68-2663-402E-A0E3-D9287A4FC525}.Ad-Hoc|Any CPU.ActiveCfg = Release|Any CPU
		{C9DB3C68-2663-402E-A0E3-D9287A4FC525}.Ad-Hoc|Any CPU.Build.0 = Release|Any CPU
		{C9DB3C68-2663-402E-A0E3-D9287A4FC525}.Ad-Hoc|ARM.ActiveCfg = Release|Any CPU
		{C9DB3C68-2663-402E-A0E3-D9287A4FC525}.Ad-Hoc|ARM.Build.0 = Release|Any CPU
		{C9DB3C68-2663-402E-A0E3-D9287A4FC525}.Ad-Hoc|iPhone.ActiveCfg = Release|Any CPU
		{C9DB3C68-2663-402E-A0E3-D9287A4FC525}.Ad-Hoc|iPhone.Build.0 = Release|Any CPU
		{C9DB3C68-2663-402E-A0E3-D9287A4FC525}.Ad-Hoc|iPhoneSimulator.ActiveCfg = Release|Any CPU
		{C9DB3C68-2663-402E-A0E3-D9287A4FC525}.Ad-Hoc|iPhoneSimulator.Build.0 = Release|Any CPU
		{C9DB3C68-2663-402E-A0E3-D9287A4FC525}.Ad-Hoc|x64.ActiveCfg = Release|Any CPU
		{C9DB3C68-2663-402E-A0E3-D9287A4FC525}.Ad-Hoc|x64.Build.0 = Release|Any CPU
		{C9DB3C68-2663-402E-A0E3-D9287A4FC525}.Ad-Hoc|x86.ActiveCfg = Release|Any CPU
		{C9DB3C68-2663-402E-A0E3-D9287A4FC525}.Ad-Hoc|x86.Build.0 = Release|Any CPU
		{C9DB3C68-2663-402E-A0E3-D9287A4FC525}.AppStore|Any CPU.ActiveCfg = Release|Any CPU
		{C9DB3C68-2663-402E-A0E3-D9287A4FC525}.AppStore|Any CPU.Build.0 = Release|Any CPU
		{C9DB3C68-2663-402E-A0E3-D9287A4FC525}.AppStore|ARM.ActiveCfg = Release|Any CPU
		{C9DB3C68-2663-402E-A0E3-D9287A4FC525}.AppStore|ARM.Build.0 = Release|Any CPU
		{C9DB3C68-2663-402E-A0E3-D9287A4FC525}.AppStore|iPhone.ActiveCfg = Release|Any CPU
		{C9DB3C68-2663-402E-A0E3-D9287A4FC525}.AppStore|iPhone.Build.0 = Release|Any CPU
		{C9DB3C68-2663-402E-A0E3-D9287A4FC525}.AppStore|iPhoneSimulator.ActiveCfg = Release|Any CPU
		{C9DB3C68-2663-402E-A0E3-D9287A4FC525}.AppStore|iPhoneSimulator.Build.0 = Release|Any CPU
		{C9DB3C68-2663-402E-A0E3-D9287A4FC525}.AppStore|x64.ActiveCfg = Release|Any CPU
		{C9DB3C68-2663-402E-A0E3-D9287A4FC525}.AppStore|x64.Build.0 = Release|Any CPU
		{C9DB3C68-2663-402E-A0E3-D9287A4FC525}.AppStore|x86.ActiveCfg = Release|Any CPU
		{C9DB3C68-2663-402E-A0E3-D9287A4FC525}.AppStore|x86.Build.0 = Release|Any CPU
		{C9DB3C68-2663-402E-A0E3-D9287A4FC525}.Debug|Any CPU.ActiveCfg = Debug|Any CPU
		{C9DB3C68-2663-402E-A0E3-D9287A4FC525}.Debug|Any CPU.Build.0 = Debug|Any CPU
		{C9DB3C68-2663-402E-A0E3-D9287A4FC525}.Debug|ARM.ActiveCfg = Debug|Any CPU
		{C9DB3C68-2663-402E-A0E3-D9287A4FC525}.Debug|ARM.Build.0 = Debug|Any CPU
		{C9DB3C68-2663-402E-A0E3-D9287A4FC525}.Debug|iPhone.ActiveCfg = Debug|Any CPU
		{C9DB3C68-2663-402E-A0E3-D9287A4FC525}.Debug|iPhone.Build.0 = Debug|Any CPU
		{C9DB3C68-2663-402E-A0E3-D9287A4FC525}.Debug|iPhoneSimulator.ActiveCfg = Debug|Any CPU
		{C9DB3C68-2663-402E-A0E3-D9287A4FC525}.Debug|iPhoneSimulator.Build.0 = Debug|Any CPU
		{C9DB3C68-2663-402E-A0E3-D9287A4FC525}.Debug|x64.ActiveCfg = Debug|Any CPU
		{C9DB3C68-2663-402E-A0E3-D9287A4FC525}.Debug|x64.Build.0 = Debug|Any CPU
		{C9DB3C68-2663-402E-A0E3-D9287A4FC525}.Debug|x86.ActiveCfg = Debug|Any CPU
		{C9DB3C68-2663-402E-A0E3-D9287A4FC525}.Debug|x86.Build.0 = Debug|Any CPU
		{C9DB3C68-2663-402E-A0E3-D9287A4FC525}.Release|Any CPU.ActiveCfg = Release|Any CPU
		{C9DB3C68-2663-402E-A0E3-D9287A4FC525}.Release|Any CPU.Build.0 = Release|Any CPU
		{C9DB3C68-2663-402E-A0E3-D9287A4FC525}.Release|ARM.ActiveCfg = Release|Any CPU
		{C9DB3C68-2663-402E-A0E3-D9287A4FC525}.Release|ARM.Build.0 = Release|Any CPU
		{C9DB3C68-2663-402E-A0E3-D9287A4FC525}.Release|iPhone.ActiveCfg = Release|Any CPU
		{C9DB3C68-2663-402E-A0E3-D9287A4FC525}.Release|iPhone.Build.0 = Release|Any CPU
		{C9DB3C68-2663-402E-A0E3-D9287A4FC525}.Release|iPhoneSimulator.ActiveCfg = Release|Any CPU
		{C9DB3C68-2663-402E-A0E3-D9287A4FC525}.Release|iPhoneSimulator.Build.0 = Release|Any CPU
		{C9DB3C68-2663-402E-A0E3-D9287A4FC525}.Release|x64.ActiveCfg = Release|Any CPU
		{C9DB3C68-2663-402E-A0E3-D9287A4FC525}.Release|x64.Build.0 = Release|Any CPU
		{C9DB3C68-2663-402E-A0E3-D9287A4FC525}.Release|x86.ActiveCfg = Release|Any CPU
		{C9DB3C68-2663-402E-A0E3-D9287A4FC525}.Release|x86.Build.0 = Release|Any CPU
		{AA71746A-E881-439D-B1AE-6B81548DBA5D}.Ad-Hoc|Any CPU.ActiveCfg = Release|Any CPU
		{AA71746A-E881-439D-B1AE-6B81548DBA5D}.Ad-Hoc|Any CPU.Build.0 = Release|Any CPU
		{AA71746A-E881-439D-B1AE-6B81548DBA5D}.Ad-Hoc|ARM.ActiveCfg = Release|Any CPU
		{AA71746A-E881-439D-B1AE-6B81548DBA5D}.Ad-Hoc|ARM.Build.0 = Release|Any CPU
		{AA71746A-E881-439D-B1AE-6B81548DBA5D}.Ad-Hoc|iPhone.ActiveCfg = Release|Any CPU
		{AA71746A-E881-439D-B1AE-6B81548DBA5D}.Ad-Hoc|iPhone.Build.0 = Release|Any CPU
		{AA71746A-E881-439D-B1AE-6B81548DBA5D}.Ad-Hoc|iPhoneSimulator.ActiveCfg = Release|Any CPU
		{AA71746A-E881-439D-B1AE-6B81548DBA5D}.Ad-Hoc|iPhoneSimulator.Build.0 = Release|Any CPU
		{AA71746A-E881-439D-B1AE-6B81548DBA5D}.Ad-Hoc|x64.ActiveCfg = Release|Any CPU
		{AA71746A-E881-439D-B1AE-6B81548DBA5D}.Ad-Hoc|x64.Build.0 = Release|Any CPU
		{AA71746A-E881-439D-B1AE-6B81548DBA5D}.Ad-Hoc|x86.ActiveCfg = Release|Any CPU
		{AA71746A-E881-439D-B1AE-6B81548DBA5D}.Ad-Hoc|x86.Build.0 = Release|Any CPU
		{AA71746A-E881-439D-B1AE-6B81548DBA5D}.AppStore|Any CPU.ActiveCfg = Release|Any CPU
		{AA71746A-E881-439D-B1AE-6B81548DBA5D}.AppStore|Any CPU.Build.0 = Release|Any CPU
		{AA71746A-E881-439D-B1AE-6B81548DBA5D}.AppStore|ARM.ActiveCfg = Release|Any CPU
		{AA71746A-E881-439D-B1AE-6B81548DBA5D}.AppStore|ARM.Build.0 = Release|Any CPU
		{AA71746A-E881-439D-B1AE-6B81548DBA5D}.AppStore|iPhone.ActiveCfg = Release|Any CPU
		{AA71746A-E881-439D-B1AE-6B81548DBA5D}.AppStore|iPhone.Build.0 = Release|Any CPU
		{AA71746A-E881-439D-B1AE-6B81548DBA5D}.AppStore|iPhoneSimulator.ActiveCfg = Release|Any CPU
		{AA71746A-E881-439D-B1AE-6B81548DBA5D}.AppStore|iPhoneSimulator.Build.0 = Release|Any CPU
		{AA71746A-E881-439D-B1AE-6B81548DBA5D}.AppStore|x64.ActiveCfg = Release|Any CPU
		{AA71746A-E881-439D-B1AE-6B81548DBA5D}.AppStore|x64.Build.0 = Release|Any CPU
		{AA71746A-E881-439D-B1AE-6B81548DBA5D}.AppStore|x86.ActiveCfg = Release|Any CPU
		{AA71746A-E881-439D-B1AE-6B81548DBA5D}.AppStore|x86.Build.0 = Release|Any CPU
		{AA71746A-E881-439D-B1AE-6B81548DBA5D}.Debug|Any CPU.ActiveCfg = Debug|Any CPU
		{AA71746A-E881-439D-B1AE-6B81548DBA5D}.Debug|Any CPU.Build.0 = Debug|Any CPU
		{AA71746A-E881-439D-B1AE-6B81548DBA5D}.Debug|ARM.ActiveCfg = Debug|Any CPU
		{AA71746A-E881-439D-B1AE-6B81548DBA5D}.Debug|ARM.Build.0 = Debug|Any CPU
		{AA71746A-E881-439D-B1AE-6B81548DBA5D}.Debug|iPhone.ActiveCfg = Debug|Any CPU
		{AA71746A-E881-439D-B1AE-6B81548DBA5D}.Debug|iPhone.Build.0 = Debug|Any CPU
		{AA71746A-E881-439D-B1AE-6B81548DBA5D}.Debug|iPhoneSimulator.ActiveCfg = Debug|Any CPU
		{AA71746A-E881-439D-B1AE-6B81548DBA5D}.Debug|iPhoneSimulator.Build.0 = Debug|Any CPU
		{AA71746A-E881-439D-B1AE-6B81548DBA5D}.Debug|x64.ActiveCfg = Debug|Any CPU
		{AA71746A-E881-439D-B1AE-6B81548DBA5D}.Debug|x64.Build.0 = Debug|Any CPU
		{AA71746A-E881-439D-B1AE-6B81548DBA5D}.Debug|x86.ActiveCfg = Debug|Any CPU
		{AA71746A-E881-439D-B1AE-6B81548DBA5D}.Debug|x86.Build.0 = Debug|Any CPU
		{AA71746A-E881-439D-B1AE-6B81548DBA5D}.Release|Any CPU.ActiveCfg = Release|Any CPU
		{AA71746A-E881-439D-B1AE-6B81548DBA5D}.Release|Any CPU.Build.0 = Release|Any CPU
		{AA71746A-E881-439D-B1AE-6B81548DBA5D}.Release|ARM.ActiveCfg = Release|Any CPU
		{AA71746A-E881-439D-B1AE-6B81548DBA5D}.Release|ARM.Build.0 = Release|Any CPU
		{AA71746A-E881-439D-B1AE-6B81548DBA5D}.Release|iPhone.ActiveCfg = Release|Any CPU
		{AA71746A-E881-439D-B1AE-6B81548DBA5D}.Release|iPhone.Build.0 = Release|Any CPU
		{AA71746A-E881-439D-B1AE-6B81548DBA5D}.Release|iPhoneSimulator.ActiveCfg = Release|Any CPU
		{AA71746A-E881-439D-B1AE-6B81548DBA5D}.Release|iPhoneSimulator.Build.0 = Release|Any CPU
		{AA71746A-E881-439D-B1AE-6B81548DBA5D}.Release|x64.ActiveCfg = Release|Any CPU
		{AA71746A-E881-439D-B1AE-6B81548DBA5D}.Release|x64.Build.0 = Release|Any CPU
		{AA71746A-E881-439D-B1AE-6B81548DBA5D}.Release|x86.ActiveCfg = Release|Any CPU
		{AA71746A-E881-439D-B1AE-6B81548DBA5D}.Release|x86.Build.0 = Release|Any CPU
	EndGlobalSection
	GlobalSection(SolutionProperties) = preSolution
		HideSolutionNode = FALSE
	EndGlobalSection
EndGlobal
